
Microsoft Visual Studio Solution File, Format Version 12.00
# Visual Studio Version 17
VisualStudioVersion = 17.1.32210.238
MinimumVisualStudioVersion = 10.0.40219.1
Project("{2150E333-8FDC-42A3-9474-1A3956D46DE8}") = "Services", "Services", "{ABE9D065-8B72-4545-9E6A-197FD765B822}"
EndProject
Project("{2150E333-8FDC-42A3-9474-1A3956D46DE8}") = "WebApps", "WebApps", "{EA8076C4-C268-4C8A-A482-40E70E6E4020}"
EndProject
Project("{2150E333-8FDC-42A3-9474-1A3956D46DE8}") = "Cadastros", "Cadastros", "{C6B0E917-98FF-4AD5-B679-E19859666A71}"
EndProject
Project("{2150E333-8FDC-42A3-9474-1A3956D46DE8}") = "Catalogo", "Catalogo", "{1F2C29D1-9690-41A4-BFF0-3599D5FCB703}"
EndProject
Project("{2150E333-8FDC-42A3-9474-1A3956D46DE8}") = "Core", "Core", "{7188E5ED-2BCD-470B-B63F-029D9A868282}"
EndProject
Project("{2150E333-8FDC-42A3-9474-1A3956D46DE8}") = "Fiscal", "Fiscal", "{8CE5847F-95AE-4BCB-B60C-2D6598A0AEF3}"
EndProject
Project("{2150E333-8FDC-42A3-9474-1A3956D46DE8}") = "Pagamentos", "Pagamentos", "{B9FABFA6-889D-4AD6-8A2F-A811E733DEAA}"
EndProject
Project("{2150E333-8FDC-42A3-9474-1A3956D46DE8}") = "Vendas", "Vendas", "{DD2F5553-2116-4D93-A288-F45EF9D7685F}"
EndProject
Project("{9A19103F-16F7-4668-BE54-9A1E7A4F7556}") = "NerdStore.Catalogo.Domain", "src\NerdStore.Catalogo.Domain\NerdStore.Catalogo.Domain.csproj", "{A2CE56D3-6F85-4350-B2D2-361FD633E688}"
EndProject
Project("{9A19103F-16F7-4668-BE54-9A1E7A4F7556}") = "NerdStore.Core", "src\NerdStore.Core\NerdStore.Core.csproj", "{021B1EB3-ED67-4D9C-AA2F-FE4DED98D6CB}"
EndProject
Project("{2150E333-8FDC-42A3-9474-1A3956D46DE8}") = "Tests", "Tests", "{E8E6D687-9EF9-4AD8-B9DB-F13B798CFD19}"
EndProject
Project("{9A19103F-16F7-4668-BE54-9A1E7A4F7556}") = "NerdStore.Catalogo.Domain.Tests", "tests\NerdStore.Catalogo.Domain.Tests\NerdStore.Catalogo.Domain.Tests.csproj", "{7C26925B-3E41-4307-B682-6CA5F2D3399E}"
EndProject
Project("{FAE04EC0-301F-11D3-BF4B-00C04F79EFBC}") = "NerdStore.Catalogo.Data", "src\NerdStore.Catalogo.Data\NerdStore.Catalogo.Data.csproj", "{3E191D21-C864-4683-85AC-A7841312AB03}"
EndProject
Global
	GlobalSection(SolutionConfigurationPlatforms) = preSolution
		Debug|Any CPU = Debug|Any CPU
		Release|Any CPU = Release|Any CPU
	EndGlobalSection
	GlobalSection(ProjectConfigurationPlatforms) = postSolution
		{A2CE56D3-6F85-4350-B2D2-361FD633E688}.Debug|Any CPU.ActiveCfg = Debug|Any CPU
		{A2CE56D3-6F85-4350-B2D2-361FD633E688}.Debug|Any CPU.Build.0 = Debug|Any CPU
		{A2CE56D3-6F85-4350-B2D2-361FD633E688}.Release|Any CPU.ActiveCfg = Release|Any CPU
		{A2CE56D3-6F85-4350-B2D2-361FD633E688}.Release|Any CPU.Build.0 = Release|Any CPU
		{021B1EB3-ED67-4D9C-AA2F-FE4DED98D6CB}.Debug|Any CPU.ActiveCfg = Debug|Any CPU
		{021B1EB3-ED67-4D9C-AA2F-FE4DED98D6CB}.Debug|Any CPU.Build.0 = Debug|Any CPU
		{021B1EB3-ED67-4D9C-AA2F-FE4DED98D6CB}.Release|Any CPU.ActiveCfg = Release|Any CPU
		{021B1EB3-ED67-4D9C-AA2F-FE4DED98D6CB}.Release|Any CPU.Build.0 = Release|Any CPU
		{7C26925B-3E41-4307-B682-6CA5F2D3399E}.Debug|Any CPU.ActiveCfg = Debug|Any CPU
		{7C26925B-3E41-4307-B682-6CA5F2D3399E}.Debug|Any CPU.Build.0 = Debug|Any CPU
		{7C26925B-3E41-4307-B682-6CA5F2D3399E}.Release|Any CPU.ActiveCfg = Release|Any CPU
		{7C26925B-3E41-4307-B682-6CA5F2D3399E}.Release|Any CPU.Build.0 = Release|Any CPU
		{3E191D21-C864-4683-85AC-A7841312AB03}.Debug|Any CPU.ActiveCfg = Debug|Any CPU
		{3E191D21-C864-4683-85AC-A7841312AB03}.Debug|Any CPU.Build.0 = Debug|Any CPU
		{3E191D21-C864-4683-85AC-A7841312AB03}.Release|Any CPU.ActiveCfg = Release|Any CPU
		{3E191D21-C864-4683-85AC-A7841312AB03}.Release|Any CPU.Build.0 = Release|Any CPU
	EndGlobalSection
	GlobalSection(SolutionProperties) = preSolution
		HideSolutionNode = FALSE
	EndGlobalSection
	GlobalSection(NestedProjects) = preSolution
		{C6B0E917-98FF-4AD5-B679-E19859666A71} = {ABE9D065-8B72-4545-9E6A-197FD765B822}
		{1F2C29D1-9690-41A4-BFF0-3599D5FCB703} = {ABE9D065-8B72-4545-9E6A-197FD765B822}
		{7188E5ED-2BCD-470B-B63F-029D9A868282} = {ABE9D065-8B72-4545-9E6A-197FD765B822}
		{8CE5847F-95AE-4BCB-B60C-2D6598A0AEF3} = {ABE9D065-8B72-4545-9E6A-197FD765B822}
		{B9FABFA6-889D-4AD6-8A2F-A811E733DEAA} = {ABE9D065-8B72-4545-9E6A-197FD765B822}
		{DD2F5553-2116-4D93-A288-F45EF9D7685F} = {ABE9D065-8B72-4545-9E6A-197FD765B822}
		{A2CE56D3-6F85-4350-B2D2-361FD633E688} = {1F2C29D1-9690-41A4-BFF0-3599D5FCB703}
		{021B1EB3-ED67-4D9C-AA2F-FE4DED98D6CB} = {7188E5ED-2BCD-470B-B63F-029D9A868282}
		{E8E6D687-9EF9-4AD8-B9DB-F13B798CFD19} = {1F2C29D1-9690-41A4-BFF0-3599D5FCB703}
		{7C26925B-3E41-4307-B682-6CA5F2D3399E} = {E8E6D687-9EF9-4AD8-B9DB-F13B798CFD19}
		{3E191D21-C864-4683-85AC-A7841312AB03} = {1F2C29D1-9690-41A4-BFF0-3599D5FCB703}
	EndGlobalSection
	GlobalSection(ExtensibilityGlobals) = postSolution
		SolutionGuid = {3346A015-2D9D-4DD3-A938-2FA68E6284CF}
	EndGlobalSection
EndGlobal
